{
  "object": {
    "pins": [
      {
        "package": "Redux",
        "repositoryURL": "git@github.com:ReactComponentKit/Redux.git",
        "state": {
          "branch": "redux/next",
          "revision": "7555c1d06bafd743147aebc924557000963f5506",
          "version": null
        }
      }
    ]
  },
  "version": 1
}
