{
  "object": {
    "pins": [
      {
        "package": "Redux",
        "repositoryURL": "git@github.com:ReactComponentKit/Redux.git",
        "state": {
          "branch": null,
          "revision": "faf1ac200c6cefafc8c1f6b6c41311a69b49c8e3",
          "version": "0.0.3"
        }
      }
    ]
  },
  "version": 1
}
