{
  "object": {
    "pins": [
      {
        "package": "Redux",
        "repositoryURL": "git@github.com:ReactComponentKit/Redux.git",
        "state": {
          "branch": "feature/adjust-scheduler",
          "revision": "09373e91297f909b50341141b2a5e07a7817f8ed",
          "version": null
        }
      }
    ]
  },
  "version": 1
}
